// !$*UTF8*$!
{
	archiveVersion = 1;
	classes = {
	};
	objectVersion = 55;
	objects = {

/* Begin PBXBuildFile section */
		33D004252755FF4C007EC597 /* Sorting_AlgorithmsApp.swift in Sources */ = {isa = PBXBuildFile; fileRef = 33D004152755FF4C007EC597 /* Sorting_AlgorithmsApp.swift */; };
		33D004262755FF4C007EC597 /* Sorting_AlgorithmsApp.swift in Sources */ = {isa = PBXBuildFile; fileRef = 33D004152755FF4C007EC597 /* Sorting_AlgorithmsApp.swift */; };
		33D004272755FF4C007EC597 /* ContentView.swift in Sources */ = {isa = PBXBuildFile; fileRef = 33D004162755FF4C007EC597 /* ContentView.swift */; };
		33D004282755FF4C007EC597 /* ContentView.swift in Sources */ = {isa = PBXBuildFile; fileRef = 33D004162755FF4C007EC597 /* ContentView.swift */; };
		33D004292755FF4C007EC597 /* Assets.xcassets in Resources */ = {isa = PBXBuildFile; fileRef = 33D004172755FF4C007EC597 /* Assets.xcassets */; };
		33D0042A2755FF4C007EC597 /* Assets.xcassets in Resources */ = {isa = PBXBuildFile; fileRef = 33D004172755FF4C007EC597 /* Assets.xcassets */; };
		33D0043427561369007EC597 /* BubbleSortView.swift in Sources */ = {isa = PBXBuildFile; fileRef = 33D0043327561369007EC597 /* BubbleSortView.swift */; };
		33D0043527561369007EC597 /* BubbleSortView.swift in Sources */ = {isa = PBXBuildFile; fileRef = 33D0043327561369007EC597 /* BubbleSortView.swift */; };
		33D00437275618C0007EC597 /* ItemView.swift in Sources */ = {isa = PBXBuildFile; fileRef = 33D00436275618C0007EC597 /* ItemView.swift */; };
		33D00438275618C0007EC597 /* ItemView.swift in Sources */ = {isa = PBXBuildFile; fileRef = 33D00436275618C0007EC597 /* ItemView.swift */; };
		33D0043A2756199C007EC597 /* InsertionSortView.swift in Sources */ = {isa = PBXBuildFile; fileRef = 33D004392756199C007EC597 /* InsertionSortView.swift */; };
		33D0043B2756199C007EC597 /* InsertionSortView.swift in Sources */ = {isa = PBXBuildFile; fileRef = 33D004392756199C007EC597 /* InsertionSortView.swift */; };
		33D0044027562356007EC597 /* SelectionSortView.swift in Sources */ = {isa = PBXBuildFile; fileRef = 33D0043F27562356007EC597 /* SelectionSortView.swift */; };
		33D0044127562356007EC597 /* SelectionSortView.swift in Sources */ = {isa = PBXBuildFile; fileRef = 33D0043F27562356007EC597 /* SelectionSortView.swift */; };
		33D0044327562621007EC597 /* QuickSortView.swift in Sources */ = {isa = PBXBuildFile; fileRef = 33D0044227562621007EC597 /* QuickSortView.swift */; };
		33D0044427562621007EC597 /* QuickSortView.swift in Sources */ = {isa = PBXBuildFile; fileRef = 33D0044227562621007EC597 /* QuickSortView.swift */; };
		33D004462756277F007EC597 /* Task+Sleep.swift in Sources */ = {isa = PBXBuildFile; fileRef = 33D004452756277F007EC597 /* Task+Sleep.swift */; };
		33D004472756277F007EC597 /* Task+Sleep.swift in Sources */ = {isa = PBXBuildFile; fileRef = 33D004452756277F007EC597 /* Task+Sleep.swift */; };
		33D00449275690FA007EC597 /* MergeSort.swift in Sources */ = {isa = PBXBuildFile; fileRef = 33D00448275690FA007EC597 /* MergeSort.swift */; };
		33D0044A275690FA007EC597 /* MergeSort.swift in Sources */ = {isa = PBXBuildFile; fileRef = 33D00448275690FA007EC597 /* MergeSort.swift */; };
/* End PBXBuildFile section */

/* Begin PBXFileReference section */
		33D004152755FF4C007EC597 /* Sorting_AlgorithmsApp.swift */ = {isa = PBXFileReference; lastKnownFileType = sourcecode.swift; path = Sorting_AlgorithmsApp.swift; sourceTree = "<group>"; };
		33D004162755FF4C007EC597 /* ContentView.swift */ = {isa = PBXFileReference; lastKnownFileType = sourcecode.swift; path = ContentView.swift; sourceTree = "<group>"; };
		33D004172755FF4C007EC597 /* Assets.xcassets */ = {isa = PBXFileReference; lastKnownFileType = folder.assetcatalog; path = Assets.xcassets; sourceTree = "<group>"; };
		33D0041C2755FF4C007EC597 /* Sorting Algorithms.app */ = {isa = PBXFileReference; explicitFileType = wrapper.application; includeInIndex = 0; path = "Sorting Algorithms.app"; sourceTree = BUILT_PRODUCTS_DIR; };
		33D004222755FF4C007EC597 /* Sorting Algorithms.app */ = {isa = PBXFileReference; explicitFileType = wrapper.application; includeInIndex = 0; path = "Sorting Algorithms.app"; sourceTree = BUILT_PRODUCTS_DIR; };
		33D004242755FF4C007EC597 /* macOS.entitlements */ = {isa = PBXFileReference; lastKnownFileType = text.plist.entitlements; path = macOS.entitlements; sourceTree = "<group>"; };
		33D0043327561369007EC597 /* BubbleSortView.swift */ = {isa = PBXFileReference; lastKnownFileType = sourcecode.swift; path = BubbleSortView.swift; sourceTree = "<group>"; };
		33D00436275618C0007EC597 /* ItemView.swift */ = {isa = PBXFileReference; lastKnownFileType = sourcecode.swift; path = ItemView.swift; sourceTree = "<group>"; };
		33D004392756199C007EC597 /* InsertionSortView.swift */ = {isa = PBXFileReference; lastKnownFileType = sourcecode.swift; path = InsertionSortView.swift; sourceTree = "<group>"; };
		33D0043F27562356007EC597 /* SelectionSortView.swift */ = {isa = PBXFileReference; lastKnownFileType = sourcecode.swift; path = SelectionSortView.swift; sourceTree = "<group>"; };
		33D0044227562621007EC597 /* QuickSortView.swift */ = {isa = PBXFileReference; lastKnownFileType = sourcecode.swift; path = QuickSortView.swift; sourceTree = "<group>"; };
		33D004452756277F007EC597 /* Task+Sleep.swift */ = {isa = PBXFileReference; lastKnownFileType = sourcecode.swift; path = "Task+Sleep.swift"; sourceTree = "<group>"; };
		33D00448275690FA007EC597 /* MergeSort.swift */ = {isa = PBXFileReference; lastKnownFileType = sourcecode.swift; path = MergeSort.swift; sourceTree = "<group>"; };
/* End PBXFileReference section */

/* Begin PBXFrameworksBuildPhase section */
		33D004192755FF4C007EC597 /* Frameworks */ = {
			isa = PBXFrameworksBuildPhase;
			buildActionMask = 2147483647;
			files = (
			);
			runOnlyForDeploymentPostprocessing = 0;
		};
		33D0041F2755FF4C007EC597 /* Frameworks */ = {
			isa = PBXFrameworksBuildPhase;
			buildActionMask = 2147483647;
			files = (
			);
			runOnlyForDeploymentPostprocessing = 0;
		};
/* End PBXFrameworksBuildPhase section */

/* Begin PBXGroup section */
		33D0040F2755FF4C007EC597 = {
			isa = PBXGroup;
			children = (
				33D004142755FF4C007EC597 /* Shared */,
				33D004232755FF4C007EC597 /* macOS */,
				33D0041D2755FF4C007EC597 /* Products */,
			);
			sourceTree = "<group>";
		};
		33D004142755FF4C007EC597 /* Shared */ = {
			isa = PBXGroup;
			children = (
				33D004172755FF4C007EC597 /* Assets.xcassets */,
				33D0043327561369007EC597 /* BubbleSortView.swift */,
				33D004162755FF4C007EC597 /* ContentView.swift */,
				33D004392756199C007EC597 /* InsertionSortView.swift */,
				33D00436275618C0007EC597 /* ItemView.swift */,
				33D00448275690FA007EC597 /* MergeSort.swift */,
				33D0044227562621007EC597 /* QuickSortView.swift */,
				33D0043F27562356007EC597 /* SelectionSortView.swift */,
				33D004152755FF4C007EC597 /* Sorting_AlgorithmsApp.swift */,
				33D004452756277F007EC597 /* Task+Sleep.swift */,
			);
			path = Shared;
			sourceTree = "<group>";
		};
		33D0041D2755FF4C007EC597 /* Products */ = {
			isa = PBXGroup;
			children = (
				33D0041C2755FF4C007EC597 /* Sorting Algorithms.app */,
				33D004222755FF4C007EC597 /* Sorting Algorithms.app */,
			);
			name = Products;
			sourceTree = "<group>";
		};
		33D004232755FF4C007EC597 /* macOS */ = {
			isa = PBXGroup;
			children = (
				33D004242755FF4C007EC597 /* macOS.entitlements */,
			);
			path = macOS;
			sourceTree = "<group>";
		};
/* End PBXGroup section */

/* Begin PBXNativeTarget section */
		33D0041B2755FF4C007EC597 /* Sorting Algorithms (iOS) */ = {
			isa = PBXNativeTarget;
			buildConfigurationList = 33D0042D2755FF4C007EC597 /* Build configuration list for PBXNativeTarget "Sorting Algorithms (iOS)" */;
			buildPhases = (
				33D004182755FF4C007EC597 /* Sources */,
				33D004192755FF4C007EC597 /* Frameworks */,
				33D0041A2755FF4C007EC597 /* Resources */,
			);
			buildRules = (
			);
			dependencies = (
			);
			name = "Sorting Algorithms (iOS)";
			productName = "Sorting Algorithms (iOS)";
			productReference = 33D0041C2755FF4C007EC597 /* Sorting Algorithms.app */;
			productType = "com.apple.product-type.application";
		};
		33D004212755FF4C007EC597 /* Sorting Algorithms (macOS) */ = {
			isa = PBXNativeTarget;
			buildConfigurationList = 33D004302755FF4C007EC597 /* Build configuration list for PBXNativeTarget "Sorting Algorithms (macOS)" */;
			buildPhases = (
				33D0041E2755FF4C007EC597 /* Sources */,
				33D0041F2755FF4C007EC597 /* Frameworks */,
				33D004202755FF4C007EC597 /* Resources */,
			);
			buildRules = (
			);
			dependencies = (
			);
			name = "Sorting Algorithms (macOS)";
			productName = "Sorting Algorithms (macOS)";
			productReference = 33D004222755FF4C007EC597 /* Sorting Algorithms.app */;
			productType = "com.apple.product-type.application";
		};
/* End PBXNativeTarget section */

/* Begin PBXProject section */
		33D004102755FF4C007EC597 /* Project object */ = {
			isa = PBXProject;
			attributes = {
				BuildIndependentTargetsInParallel = 1;
				LastSwiftUpdateCheck = 1310;
				LastUpgradeCheck = 1310;
				TargetAttributes = {
					33D0041B2755FF4C007EC597 = {
						CreatedOnToolsVersion = 13.1;
					};
					33D004212755FF4C007EC597 = {
						CreatedOnToolsVersion = 13.1;
					};
				};
			};
			buildConfigurationList = 33D004132755FF4C007EC597 /* Build configuration list for PBXProject "Sorting Algorithms" */;
			compatibilityVersion = "Xcode 13.0";
			developmentRegion = en;
			hasScannedForEncodings = 0;
			knownRegions = (
				en,
				Base,
			);
			mainGroup = 33D0040F2755FF4C007EC597;
			productRefGroup = 33D0041D2755FF4C007EC597 /* Products */;
			projectDirPath = "";
			projectRoot = "";
			targets = (
				33D0041B2755FF4C007EC597 /* Sorting Algorithms (iOS) */,
				33D004212755FF4C007EC597 /* Sorting Algorithms (macOS) */,
			);
		};
/* End PBXProject section */

/* Begin PBXResourcesBuildPhase section */
		33D0041A2755FF4C007EC597 /* Resources */ = {
			isa = PBXResourcesBuildPhase;
			buildActionMask = 2147483647;
			files = (
				33D004292755FF4C007EC597 /* Assets.xcassets in Resources */,
			);
			runOnlyForDeploymentPostprocessing = 0;
		};
		33D004202755FF4C007EC597 /* Resources */ = {
			isa = PBXResourcesBuildPhase;
			buildActionMask = 2147483647;
			files = (
				33D0042A2755FF4C007EC597 /* Assets.xcassets in Resources */,
			);
			runOnlyForDeploymentPostprocessing = 0;
		};
/* End PBXResourcesBuildPhase section */

/* Begin PBXSourcesBuildPhase section */
		33D004182755FF4C007EC597 /* Sources */ = {
			isa = PBXSourcesBuildPhase;
			buildActionMask = 2147483647;
			files = (
				33D0043427561369007EC597 /* BubbleSortView.swift in Sources */,
				33D0044027562356007EC597 /* SelectionSortView.swift in Sources */,
				33D004272755FF4C007EC597 /* ContentView.swift in Sources */,
				33D004252755FF4C007EC597 /* Sorting_AlgorithmsApp.swift in Sources */,
				33D0043A2756199C007EC597 /* InsertionSortView.swift in Sources */,
				33D004462756277F007EC597 /* Task+Sleep.swift in Sources */,
				33D00449275690FA007EC597 /* MergeSort.swift in Sources */,
				33D00437275618C0007EC597 /* ItemView.swift in Sources */,
				33D0044327562621007EC597 /* QuickSortView.swift in Sources */,
			);
			runOnlyForDeploymentPostprocessing = 0;
		};
		33D0041E2755FF4C007EC597 /* Sources */ = {
			isa = PBXSourcesBuildPhase;
			buildActionMask = 2147483647;
			files = (
				33D0043527561369007EC597 /* BubbleSortView.swift in Sources */,
				33D0044127562356007EC597 /* SelectionSortView.swift in Sources */,
				33D004282755FF4C007EC597 /* ContentView.swift in Sources */,
				33D004262755FF4C007EC597 /* Sorting_AlgorithmsApp.swift in Sources */,
				33D0043B2756199C007EC597 /* InsertionSortView.swift in Sources */,
				33D004472756277F007EC597 /* Task+Sleep.swift in Sources */,
				33D0044A275690FA007EC597 /* MergeSort.swift in Sources */,
				33D00438275618C0007EC597 /* ItemView.swift in Sources */,
				33D0044427562621007EC597 /* QuickSortView.swift in Sources */,
			);
			runOnlyForDeploymentPostprocessing = 0;
		};
/* End PBXSourcesBuildPhase section */

/* Begin XCBuildConfiguration section */
		33D0042B2755FF4C007EC597 /* Debug */ = {
			isa = XCBuildConfiguration;
			buildSettings = {
				ALWAYS_SEARCH_USER_PATHS = NO;
				CLANG_ANALYZER_NONNULL = YES;
				CLANG_ANALYZER_NUMBER_OBJECT_CONVERSION = YES_AGGRESSIVE;
				CLANG_CXX_LANGUAGE_STANDARD = "gnu++17";
				CLANG_CXX_LIBRARY = "libc++";
				CLANG_ENABLE_MODULES = YES;
				CLANG_ENABLE_OBJC_ARC = YES;
				CLANG_ENABLE_OBJC_WEAK = YES;
				CLANG_WARN_BLOCK_CAPTURE_AUTORELEASING = YES;
				CLANG_WARN_BOOL_CONVERSION = YES;
				CLANG_WARN_COMMA = YES;
				CLANG_WARN_CONSTANT_CONVERSION = YES;
				CLANG_WARN_DEPRECATED_OBJC_IMPLEMENTATIONS = YES;
				CLANG_WARN_DIRECT_OBJC_ISA_USAGE = YES_ERROR;
				CLANG_WARN_DOCUMENTATION_COMMENTS = YES;
				CLANG_WARN_EMPTY_BODY = YES;
				CLANG_WARN_ENUM_CONVERSION = YES;
				CLANG_WARN_INFINITE_RECURSION = YES;
				CLANG_WARN_INT_CONVERSION = YES;
				CLANG_WARN_NON_LITERAL_NULL_CONVERSION = YES;
				CLANG_WARN_OBJC_IMPLICIT_RETAIN_SELF = YES;
				CLANG_WARN_OBJC_LITERAL_CONVERSION = YES;
				CLANG_WARN_OBJC_ROOT_CLASS = YES_ERROR;
				CLANG_WARN_QUOTED_INCLUDE_IN_FRAMEWORK_HEADER = YES;
				CLANG_WARN_RANGE_LOOP_ANALYSIS = YES;
				CLANG_WARN_STRICT_PROTOTYPES = YES;
				CLANG_WARN_SUSPICIOUS_MOVE = YES;
				CLANG_WARN_UNGUARDED_AVAILABILITY = YES_AGGRESSIVE;
				CLANG_WARN_UNREACHABLE_CODE = YES;
				CLANG_WARN__DUPLICATE_METHOD_MATCH = YES;
				COPY_PHASE_STRIP = NO;
				DEBUG_INFORMATION_FORMAT = dwarf;
				ENABLE_STRICT_OBJC_MSGSEND = YES;
				ENABLE_TESTABILITY = YES;
				GCC_C_LANGUAGE_STANDARD = gnu11;
				GCC_DYNAMIC_NO_PIC = NO;
				GCC_NO_COMMON_BLOCKS = YES;
				GCC_OPTIMIZATION_LEVEL = 0;
				GCC_PREPROCESSOR_DEFINITIONS = (
					"DEBUG=1",
					"$(inherited)",
				);
				GCC_WARN_64_TO_32_BIT_CONVERSION = YES;
				GCC_WARN_ABOUT_RETURN_TYPE = YES_ERROR;
				GCC_WARN_UNDECLARED_SELECTOR = YES;
				GCC_WARN_UNINITIALIZED_AUTOS = YES_AGGRESSIVE;
				GCC_WARN_UNUSED_FUNCTION = YES;
				GCC_WARN_UNUSED_VARIABLE = YES;
				MTL_ENABLE_DEBUG_INFO = INCLUDE_SOURCE;
				MTL_FAST_MATH = YES;
				ONLY_ACTIVE_ARCH = YES;
				SWIFT_ACTIVE_COMPILATION_CONDITIONS = DEBUG;
				SWIFT_OPTIMIZATION_LEVEL = "-Onone";
			};
			name = Debug;
		};
		33D0042C2755FF4C007EC597 /* Release */ = {
			isa = XCBuildConfiguration;
			buildSettings = {
				ALWAYS_SEARCH_USER_PATHS = NO;
				CLANG_ANALYZER_NONNULL = YES;
				CLANG_ANALYZER_NUMBER_OBJECT_CONVERSION = YES_AGGRESSIVE;
				CLANG_CXX_LANGUAGE_STANDARD = "gnu++17";
				CLANG_CXX_LIBRARY = "libc++";
				CLANG_ENABLE_MODULES = YES;
				CLANG_ENABLE_OBJC_ARC = YES;
				CLANG_ENABLE_OBJC_WEAK = YES;
				CLANG_WARN_BLOCK_CAPTURE_AUTORELEASING = YES;
				CLANG_WARN_BOOL_CONVERSION = YES;
				CLANG_WARN_COMMA = YES;
				CLANG_WARN_CONSTANT_CONVERSION = YES;
				CLANG_WARN_DEPRECATED_OBJC_IMPLEMENTATIONS = YES;
				CLANG_WARN_DIRECT_OBJC_ISA_USAGE = YES_ERROR;
				CLANG_WARN_DOCUMENTATION_COMMENTS = YES;
				CLANG_WARN_EMPTY_BODY = YES;
				CLANG_WARN_ENUM_CONVERSION = YES;
				CLANG_WARN_INFINITE_RECURSION = YES;
				CLANG_WARN_INT_CONVERSION = YES;
				CLANG_WARN_NON_LITERAL_NULL_CONVERSION = YES;
				CLANG_WARN_OBJC_IMPLICIT_RETAIN_SELF = YES;
				CLANG_WARN_OBJC_LITERAL_CONVERSION = YES;
				CLANG_WARN_OBJC_ROOT_CLASS = YES_ERROR;
				CLANG_WARN_QUOTED_INCLUDE_IN_FRAMEWORK_HEADER = YES;
				CLANG_WARN_RANGE_LOOP_ANALYSIS = YES;
				CLANG_WARN_STRICT_PROTOTYPES = YES;
				CLANG_WARN_SUSPICIOUS_MOVE = YES;
				CLANG_WARN_UNGUARDED_AVAILABILITY = YES_AGGRESSIVE;
				CLANG_WARN_UNREACHABLE_CODE = YES;
				CLANG_WARN__DUPLICATE_METHOD_MATCH = YES;
				COPY_PHASE_STRIP = NO;
				DEBUG_INFORMATION_FORMAT = "dwarf-with-dsym";
				ENABLE_NS_ASSERTIONS = NO;
				ENABLE_STRICT_OBJC_MSGSEND = YES;
				GCC_C_LANGUAGE_STANDARD = gnu11;
				GCC_NO_COMMON_BLOCKS = YES;
				GCC_WARN_64_TO_32_BIT_CONVERSION = YES;
				GCC_WARN_ABOUT_RETURN_TYPE = YES_ERROR;
				GCC_WARN_UNDECLARED_SELECTOR = YES;
				GCC_WARN_UNINITIALIZED_AUTOS = YES_AGGRESSIVE;
				GCC_WARN_UNUSED_FUNCTION = YES;
				GCC_WARN_UNUSED_VARIABLE = YES;
				MTL_ENABLE_DEBUG_INFO = NO;
				MTL_FAST_MATH = YES;
				SWIFT_COMPILATION_MODE = wholemodule;
				SWIFT_OPTIMIZATION_LEVEL = "-O";
			};
			name = Release;
		};
		33D0042E2755FF4C007EC597 /* Debug */ = {
			isa = XCBuildConfiguration;
			buildSettings = {
				ASSETCATALOG_COMPILER_APPICON_NAME = AppIcon;
				ASSETCATALOG_COMPILER_GLOBAL_ACCENT_COLOR_NAME = AccentColor;
				CODE_SIGN_STYLE = Automatic;
				CURRENT_PROJECT_VERSION = 1;
				DEVELOPMENT_TEAM = J353EV7GXF;
				ENABLE_PREVIEWS = YES;
				GENERATE_INFOPLIST_FILE = YES;
				INFOPLIST_KEY_UIApplicationSceneManifest_Generation = YES;
				INFOPLIST_KEY_UIApplicationSupportsIndirectInputEvents = YES;
				INFOPLIST_KEY_UILaunchScreen_Generation = YES;
				INFOPLIST_KEY_UISupportedInterfaceOrientations_iPad = "UIInterfaceOrientationPortrait UIInterfaceOrientationPortraitUpsideDown UIInterfaceOrientationLandscapeLeft UIInterfaceOrientationLandscapeRight";
				INFOPLIST_KEY_UISupportedInterfaceOrientations_iPhone = "UIInterfaceOrientationPortrait UIInterfaceOrientationLandscapeLeft UIInterfaceOrientationLandscapeRight";
				IPHONEOS_DEPLOYMENT_TARGET = 15.0;
				LD_RUNPATH_SEARCH_PATHS = (
					"$(inherited)",
					"@executable_path/Frameworks",
				);
				MARKETING_VERSION = 1.0;
				PRODUCT_BUNDLE_IDENTIFIER = "Josh-Levine.Sorting-Algorithms";
				PRODUCT_NAME = "Sorting Algorithms";
				SDKROOT = iphoneos;
				SWIFT_EMIT_LOC_STRINGS = YES;
				SWIFT_VERSION = 5.0;
				TARGETED_DEVICE_FAMILY = "1,2";
			};
			name = Debug;
		};
		33D0042F2755FF4C007EC597 /* Release */ = {
			isa = XCBuildConfiguration;
			buildSettings = {
				ASSETCATALOG_COMPILER_APPICON_NAME = AppIcon;
				ASSETCATALOG_COMPILER_GLOBAL_ACCENT_COLOR_NAME = AccentColor;
				CODE_SIGN_STYLE = Automatic;
				CURRENT_PROJECT_VERSION = 1;
				DEVELOPMENT_TEAM = J353EV7GXF;
				ENABLE_PREVIEWS = YES;
				GENERATE_INFOPLIST_FILE = YES;
				INFOPLIST_KEY_UIApplicationSceneManifest_Generation = YES;
				INFOPLIST_KEY_UIApplicationSupportsIndirectInputEvents = YES;
				INFOPLIST_KEY_UILaunchScreen_Generation = YES;
				INFOPLIST_KEY_UISupportedInterfaceOrientations_iPad = "UIInterfaceOrientationPortrait UIInterfaceOrientationPortraitUpsideDown UIInterfaceOrientationLandscapeLeft UIInterfaceOrientationLandscapeRight";
				INFOPLIST_KEY_UISupportedInterfaceOrientations_iPhone = "UIInterfaceOrientationPortrait UIInterfaceOrientationLandscapeLeft UIInterfaceOrientationLandscapeRight";
				IPHONEOS_DEPLOYMENT_TARGET = 15.0;
				LD_RUNPATH_SEARCH_PATHS = (
					"$(inherited)",
					"@executable_path/Frameworks",
				);
				MARKETING_VERSION = 1.0;
				PRODUCT_BUNDLE_IDENTIFIER = "Josh-Levine.Sorting-Algorithms";
				PRODUCT_NAME = "Sorting Algorithms";
				SDKROOT = iphoneos;
				SWIFT_EMIT_LOC_STRINGS = YES;
				SWIFT_VERSION = 5.0;
				TARGETED_DEVICE_FAMILY = "1,2";
				VALIDATE_PRODUCT = YES;
			};
			name = Release;
		};
		33D004312755FF4C007EC597 /* Debug */ = {
			isa = XCBuildConfiguration;
			buildSettings = {
				ASSETCATALOG_COMPILER_APPICON_NAME = AppIcon;
				ASSETCATALOG_COMPILER_GLOBAL_ACCENT_COLOR_NAME = AccentColor;
				CODE_SIGN_ENTITLEMENTS = macOS/macOS.entitlements;
				CODE_SIGN_STYLE = Automatic;
				COMBINE_HIDPI_IMAGES = YES;
				CURRENT_PROJECT_VERSION = 1;
				DEVELOPMENT_TEAM = J353EV7GXF;
				ENABLE_HARDENED_RUNTIME = YES;
				ENABLE_PREVIEWS = YES;
				GENERATE_INFOPLIST_FILE = YES;
				INFOPLIST_KEY_NSHumanReadableCopyright = "";
				LD_RUNPATH_SEARCH_PATHS = (
					"$(inherited)",
					"@executable_path/../Frameworks",
				);
				MACOSX_DEPLOYMENT_TARGET = 12.0;
				MARKETING_VERSION = 1.0;
				PRODUCT_BUNDLE_IDENTIFIER = "Josh-Levine.Sorting-Algorithms";
				PRODUCT_NAME = "Sorting Algorithms";
				SDKROOT = macosx;
				SWIFT_EMIT_LOC_STRINGS = YES;
				SWIFT_VERSION = 5.0;
			};
			name = Debug;
		};
		33D004322755FF4C007EC597 /* Release */ = {
			isa = XCBuildConfiguration;
			buildSettings = {
				ASSETCATALOG_COMPILER_APPICON_NAME = AppIcon;
				ASSETCATALOG_COMPILER_GLOBAL_ACCENT_COLOR_NAME = AccentColor;
				CODE_SIGN_ENTITLEMENTS = macOS/macOS.entitlements;
				CODE_SIGN_STYLE = Automatic;
				COMBINE_HIDPI_IMAGES = YES;
				CURRENT_PROJECT_VERSION = 1;
				DEVELOPMENT_TEAM = J353EV7GXF;
				ENABLE_HARDENED_RUNTIME = YES;
				ENABLE_PREVIEWS = YES;
				GENERATE_INFOPLIST_FILE = YES;
				INFOPLIST_KEY_NSHumanReadableCopyright = "";
				LD_RUNPATH_SEARCH_PATHS = (
					"$(inherited)",
					"@executable_path/../Frameworks",
				);
				MACOSX_DEPLOYMENT_TARGET = 12.0;
				MARKETING_VERSION = 1.0;
				PRODUCT_BUNDLE_IDENTIFIER = "Josh-Levine.Sorting-Algorithms";
				PRODUCT_NAME = "Sorting Algorithms";
				SDKROOT = macosx;
				SWIFT_EMIT_LOC_STRINGS = YES;
				SWIFT_VERSION = 5.0;
			};
			name = Release;
		};
/* End XCBuildConfiguration section */

/* Begin XCConfigurationList section */
		33D004132755FF4C007EC597 /* Build configuration list for PBXProject "Sorting Algorithms" */ = {
			isa = XCConfigurationList;
			buildConfigurations = (
				33D0042B2755FF4C007EC597 /* Debug */,
				33D0042C2755FF4C007EC597 /* Release */,
			);
			defaultConfigurationIsVisible = 0;
			defaultConfigurationName = Release;
		};
		33D0042D2755FF4C007EC597 /* Build configuration list for PBXNativeTarget "Sorting Algorithms (iOS)" */ = {
			isa = XCConfigurationList;
			buildConfigurations = (
				33D0042E2755FF4C007EC597 /* Debug */,
				33D0042F2755FF4C007EC597 /* Release */,
			);
			defaultConfigurationIsVisible = 0;
			defaultConfigurationName = Release;
		};
		33D004302755FF4C007EC597 /* Build configuration list for PBXNativeTarget "Sorting Algorithms (macOS)" */ = {
			isa = XCConfigurationList;
			buildConfigurations = (
				33D004312755FF4C007EC597 /* Debug */,
				33D004322755FF4C007EC597 /* Release */,
			);
			defaultConfigurationIsVisible = 0;
			defaultConfigurationName = Release;
		};
/* End XCConfigurationList section */
	};
	rootObject = 33D004102755FF4C007EC597 /* Project object */;
}
